
Microsoft Visual Studio Solution File, Format Version 12.00
# Visual Studio Version 16
VisualStudioVersion = 16.0.29306.81
MinimumVisualStudioVersion = 10.0.40219.1
Project("{8BC9CEB8-8B4A-11D0-8D11-00A0C91BC942}") = "eratos", "eratos\eratos.vcxproj", "{91BB480E-9B01-4CD7-B50C-CFB8EE59F364}"
EndProject
Project("{8BC9CEB8-8B4A-11D0-8D11-00A0C91BC942}") = "ch-191104-primos", "ch-191104-primos\ch-191104-primos.vcxproj", "{3F9F410D-0A46-4F49-AE92-B59AEE30571B}"
EndProject
Global
	GlobalSection(SolutionConfigurationPlatforms) = preSolution
		Debug|x64 = Debug|x64
		Debug|x86 = Debug|x86
		Release|x64 = Release|x64
		Release|x86 = Release|x86
	EndGlobalSection
	GlobalSection(ProjectConfigurationPlatforms) = postSolution
		{91BB480E-9B01-4CD7-B50C-CFB8EE59F364}.Debug|x64.ActiveCfg = Debug|x64
		{91BB480E-9B01-4CD7-B50C-CFB8EE59F364}.Debug|x64.Build.0 = Debug|x64
		{91BB480E-9B01-4CD7-B50C-CFB8EE59F364}.Debug|x86.ActiveCfg = Debug|Win32
		{91BB480E-9B01-4CD7-B50C-CFB8EE59F364}.Debug|x86.Build.0 = Debug|Win32
		{91BB480E-9B01-4CD7-B50C-CFB8EE59F364}.Release|x64.ActiveCfg = Release|x64
		{91BB480E-9B01-4CD7-B50C-CFB8EE59F364}.Release|x64.Build.0 = Release|x64
		{91BB480E-9B01-4CD7-B50C-CFB8EE59F364}.Release|x86.ActiveCfg = Release|Win32
		{91BB480E-9B01-4CD7-B50C-CFB8EE59F364}.Release|x86.Build.0 = Release|Win32
		{3F9F410D-0A46-4F49-AE92-B59AEE30571B}.Debug|x64.ActiveCfg = Debug|x64
		{3F9F410D-0A46-4F49-AE92-B59AEE30571B}.Debug|x64.Build.0 = Debug|x64
		{3F9F410D-0A46-4F49-AE92-B59AEE30571B}.Debug|x86.ActiveCfg = Debug|Win32
		{3F9F410D-0A46-4F49-AE92-B59AEE30571B}.Debug|x86.Build.0 = Debug|Win32
		{3F9F410D-0A46-4F49-AE92-B59AEE30571B}.Release|x64.ActiveCfg = Release|x64
		{3F9F410D-0A46-4F49-AE92-B59AEE30571B}.Release|x64.Build.0 = Release|x64
		{3F9F410D-0A46-4F49-AE92-B59AEE30571B}.Release|x86.ActiveCfg = Release|Win32
		{3F9F410D-0A46-4F49-AE92-B59AEE30571B}.Release|x86.Build.0 = Release|Win32
	EndGlobalSection
	GlobalSection(SolutionProperties) = preSolution
		HideSolutionNode = FALSE
	EndGlobalSection
	GlobalSection(ExtensibilityGlobals) = postSolution
		SolutionGuid = {08EA0308-5B4F-4C02-9F0E-475CCBC637DA}
	EndGlobalSection
EndGlobal
